
Microsoft Visual Studio Solution File, Format Version 12.00
# Visual Studio Version 17
VisualStudioVersion = 17.2.32616.157
MinimumVisualStudioVersion = 10.0.40219.1
Project("{FAE04EC0-301F-11D3-BF4B-00C04F79EFBC}") = "Calculator1", "Calculator1\Calculator1.csproj", "{60DBA7E4-16F6-4894-A7D0-5750CF3DFD3F}"
EndProject
Global
	GlobalSection(SolutionConfigurationPlatforms) = preSolution
		Debug|Any CPU = Debug|Any CPU
		Release|Any CPU = Release|Any CPU
	EndGlobalSection
	GlobalSection(ProjectConfigurationPlatforms) = postSolution
		{60DBA7E4-16F6-4894-A7D0-5750CF3DFD3F}.Debug|Any CPU.ActiveCfg = Debug|Any CPU
		{60DBA7E4-16F6-4894-A7D0-5750CF3DFD3F}.Debug|Any CPU.Build.0 = Debug|Any CPU
		{60DBA7E4-16F6-4894-A7D0-5750CF3DFD3F}.Release|Any CPU.ActiveCfg = Release|Any CPU
		{60DBA7E4-16F6-4894-A7D0-5750CF3DFD3F}.Release|Any CPU.Build.0 = Release|Any CPU
	EndGlobalSection
	GlobalSection(SolutionProperties) = preSolution
		HideSolutionNode = FALSE
	EndGlobalSection
	GlobalSection(ExtensibilityGlobals) = postSolution
		SolutionGuid = {53F72EBC-DB23-4EAC-B00E-EBCCEE5C47B5}
	EndGlobalSection
EndGlobal
